
Microsoft Visual Studio Solution File, Format Version 12.00
# Visual Studio 2013
VisualStudioVersion = 12.0.21005.1
MinimumVisualStudioVersion = 10.0.40219.1
Project("{FAE04EC0-301F-11D3-BF4B-00C04F79EFBC}") = "TestProject", "TestProject\TestProject.csproj", "{FE9A0E76-0A7A-4FF8-B77C-82E9E75E82A4}"
EndProject
Project("{FAE04EC0-301F-11D3-BF4B-00C04F79EFBC}") = "LINQ", "LINQ\LINQ.csproj", "{B6C26641-892F-4A84-BE33-AAAD65F74071}"
EndProject
Global
	GlobalSection(SolutionConfigurationPlatforms) = preSolution
		Debug|Any CPU = Debug|Any CPU
		Release|Any CPU = Release|Any CPU
	EndGlobalSection
	GlobalSection(ProjectConfigurationPlatforms) = postSolution
		{FE9A0E76-0A7A-4FF8-B77C-82E9E75E82A4}.Debug|Any CPU.ActiveCfg = Debug|Any CPU
		{FE9A0E76-0A7A-4FF8-B77C-82E9E75E82A4}.Debug|Any CPU.Build.0 = Debug|Any CPU
		{FE9A0E76-0A7A-4FF8-B77C-82E9E75E82A4}.Release|Any CPU.ActiveCfg = Release|Any CPU
		{FE9A0E76-0A7A-4FF8-B77C-82E9E75E82A4}.Release|Any CPU.Build.0 = Release|Any CPU
		{B6C26641-892F-4A84-BE33-AAAD65F74071}.Debug|Any CPU.ActiveCfg = Debug|Any CPU
		{B6C26641-892F-4A84-BE33-AAAD65F74071}.Debug|Any CPU.Build.0 = Debug|Any CPU
		{B6C26641-892F-4A84-BE33-AAAD65F74071}.Release|Any CPU.ActiveCfg = Release|Any CPU
		{B6C26641-892F-4A84-BE33-AAAD65F74071}.Release|Any CPU.Build.0 = Release|Any CPU
	EndGlobalSection
	GlobalSection(SolutionProperties) = preSolution
		HideSolutionNode = FALSE
	EndGlobalSection
EndGlobal
